
Microsoft Visual Studio Solution File, Format Version 12.00
# Visual Studio Version 17
VisualStudioVersion = 17.5.33516.290
MinimumVisualStudioVersion = 10.0.40219.1
Project("{9A19103F-16F7-4668-BE54-9A1E7A4F7556}") = "CustomPizza", "ContosoPizza\CustomPizza.csproj", "{35F7B6CA-BA77-481C-9B0A-093D59F77B73}"
EndProject
Project("{9A19103F-16F7-4668-BE54-9A1E7A4F7556}") = "RazorPagesPizza", "AlpineSkiHouse\RazorPagesPizza.csproj", "{9F29295E-BE8A-4ABF-AE81-9D0D43146E41}"
EndProject
Project("{9A19103F-16F7-4668-BE54-9A1E7A4F7556}") = "ConvertCustom", "ConvertCustom\ConvertCustom.csproj", "{0957378F-2A3E-4BBC-B426-2117E5C1685C}"
EndProject
Project("{9A19103F-16F7-4668-BE54-9A1E7A4F7556}") = "ConvertCustomTests", "ConvertCustomTests\ConvertCustomTests.csproj", "{A0B64CBF-52CB-436F-91DA-63691B32132C}"
EndProject
Global
	GlobalSection(SolutionConfigurationPlatforms) = preSolution
		Debug|Any CPU = Debug|Any CPU
		Release|Any CPU = Release|Any CPU
	EndGlobalSection
	GlobalSection(ProjectConfigurationPlatforms) = postSolution
		{35F7B6CA-BA77-481C-9B0A-093D59F77B73}.Debug|Any CPU.ActiveCfg = Debug|Any CPU
		{35F7B6CA-BA77-481C-9B0A-093D59F77B73}.Debug|Any CPU.Build.0 = Debug|Any CPU
		{35F7B6CA-BA77-481C-9B0A-093D59F77B73}.Release|Any CPU.ActiveCfg = Release|Any CPU
		{35F7B6CA-BA77-481C-9B0A-093D59F77B73}.Release|Any CPU.Build.0 = Release|Any CPU
		{9F29295E-BE8A-4ABF-AE81-9D0D43146E41}.Debug|Any CPU.ActiveCfg = Debug|Any CPU
		{9F29295E-BE8A-4ABF-AE81-9D0D43146E41}.Debug|Any CPU.Build.0 = Debug|Any CPU
		{9F29295E-BE8A-4ABF-AE81-9D0D43146E41}.Release|Any CPU.ActiveCfg = Release|Any CPU
		{9F29295E-BE8A-4ABF-AE81-9D0D43146E41}.Release|Any CPU.Build.0 = Release|Any CPU
		{0957378F-2A3E-4BBC-B426-2117E5C1685C}.Debug|Any CPU.ActiveCfg = Debug|Any CPU
		{0957378F-2A3E-4BBC-B426-2117E5C1685C}.Debug|Any CPU.Build.0 = Debug|Any CPU
		{0957378F-2A3E-4BBC-B426-2117E5C1685C}.Release|Any CPU.ActiveCfg = Release|Any CPU
		{0957378F-2A3E-4BBC-B426-2117E5C1685C}.Release|Any CPU.Build.0 = Release|Any CPU
		{A0B64CBF-52CB-436F-91DA-63691B32132C}.Debug|Any CPU.ActiveCfg = Debug|Any CPU
		{A0B64CBF-52CB-436F-91DA-63691B32132C}.Debug|Any CPU.Build.0 = Debug|Any CPU
		{A0B64CBF-52CB-436F-91DA-63691B32132C}.Release|Any CPU.ActiveCfg = Release|Any CPU
		{A0B64CBF-52CB-436F-91DA-63691B32132C}.Release|Any CPU.Build.0 = Release|Any CPU
	EndGlobalSection
	GlobalSection(SolutionProperties) = preSolution
		HideSolutionNode = FALSE
	EndGlobalSection
	GlobalSection(ExtensibilityGlobals) = postSolution
		SolutionGuid = {A2F6855E-4B0C-439F-A47F-E7BB43922D05}
	EndGlobalSection
EndGlobal
